<?xml version="1.0" encoding="UTF-8"?>
<Project ToolsVersion="15.0" xmlns="http://schemas.microsoft.com/developer/msbuild/2003">
  <ItemGroup>
    <CustomBuild Include="E:\Code\genetic-drawer\VSBuild\CMakeFiles\ec6cd56e4006dd62f07ad209cb2186d7\generate.stamp.rule">
      <Filter>CMake Rules</Filter>
    </CustomBuild>
  </ItemGroup>
  <ItemGroup>
    <Filter Include="CMake Rules">
      <UniqueIdentifier>{CAC41C95-D632-3867-9BA5-0093AED40CD3}</UniqueIdentifier>
    </Filter>
  </ItemGroup>
</Project>
